// !$*UTF8*$!
{
	archiveVersion = 1;
	classes = {
	};
	objectVersion = 77;
	objects = {

/* Begin PBXBuildFile section */
		011F30982EDF79F6000DF2A8 /* CountryPicker in Frameworks */ = {isa = PBXBuildFile; productRef = 011F30972EDF79F6000DF2A8 /* CountryPicker */; };
		01B4498D2EE0AD5D00A6887A /* FirebaseAuth in Frameworks */ = {isa = PBXBuildFile; productRef = 01B4498C2EE0AD5D00A6887A /* FirebaseAuth */; };
		01B4498F2EE0AD5D00A6887A /* FirebaseDatabase in Frameworks */ = {isa = PBXBuildFile; productRef = 01B4498E2EE0AD5D00A6887A /* FirebaseDatabase */; };
		01B449912EE0AD5D00A6887A /* FirebaseFirestore in Frameworks */ = {isa = PBXBuildFile; productRef = 01B449902EE0AD5D00A6887A /* FirebaseFirestore */; };
		01B449932EE0AD5D00A6887A /* FirebaseFunctions in Frameworks */ = {isa = PBXBuildFile; productRef = 01B449922EE0AD5D00A6887A /* FirebaseFunctions */; };
		01B449952EE0AD5D00A6887A /* FirebaseStorage in Frameworks */ = {isa = PBXBuildFile; productRef = 01B449942EE0AD5D00A6887A /* FirebaseStorage */; };
		01B449972EE0AD5D00A6887A /* FirebaseStorageCombine-Community in Frameworks */ = {isa = PBXBuildFile; productRef = 01B449962EE0AD5D00A6887A /* FirebaseStorageCombine-Community */; };
		01B449992EE0B4CA00A6887A /* FirebaseCore in Frameworks */ = {isa = PBXBuildFile; productRef = 01B449982EE0B4CA00A6887A /* FirebaseCore */; };
/* End PBXBuildFile section */

/* Begin PBXFileReference section */
		01CE327E2EDA6DAE00219B49 /* BeReal.app */ = {isa = PBXFileReference; explicitFileType = wrapper.application; includeInIndex = 0; path = BeReal.app; sourceTree = BUILT_PRODUCTS_DIR; };
/* End PBXFileReference section */

/* Begin PBXFileSystemSynchronizedBuildFileExceptionSet section */
		01B449A12EE0BCBF00A6887A /* Exceptions for "BeReal" folder in "BeReal" target */ = {
			isa = PBXFileSystemSynchronizedBuildFileExceptionSet;
			membershipExceptions = (
				Info.plist,
			);
			target = 01CE327D2EDA6DAE00219B49 /* BeReal */;
		};
/* End PBXFileSystemSynchronizedBuildFileExceptionSet section */

/* Begin PBXFileSystemSynchronizedRootGroup section */
		01CE32802EDA6DAE00219B49 /* BeReal */ = {
			isa = PBXFileSystemSynchronizedRootGroup;
			exceptions = (
				01B449A12EE0BCBF00A6887A /* Exceptions for "BeReal" folder in "BeReal" target */,
			);
			path = BeReal;
			sourceTree = "<group>";
		};
/* End PBXFileSystemSynchronizedRootGroup section */

/* Begin PBXFrameworksBuildPhase section */
		01CE327B2EDA6DAE00219B49 /* Frameworks */ = {
			isa = PBXFrameworksBuildPhase;
			buildActionMask = 2147483647;
			files = (
				01B4498F2EE0AD5D00A6887A /* FirebaseDatabase in Frameworks */,
				01B449972EE0AD5D00A6887A /* FirebaseStorageCombine-Community in Frameworks */,
				01B449912EE0AD5D00A6887A /* FirebaseFirestore in Frameworks */,
				01B449932EE0AD5D00A6887A /* FirebaseFunctions in Frameworks */,
				011F30982EDF79F6000DF2A8 /* CountryPicker in Frameworks */,
				01B4498D2EE0AD5D00A6887A /* FirebaseAuth in Frameworks */,
				01B449992EE0B4CA00A6887A /* FirebaseCore in Frameworks */,
				01B449952EE0AD5D00A6887A /* FirebaseStorage in Frameworks */,
			);
			runOnlyForDeploymentPostprocessing = 0;
		};
/* End PBXFrameworksBuildPhase section */

/* Begin PBXGroup section */
		01CE32752EDA6DAE00219B49 = {
			isa = PBXGroup;
			children = (
				01CE32802EDA6DAE00219B49 /* BeReal */,
				01CE327F2EDA6DAE00219B49 /* Products */,
			);
			sourceTree = "<group>";
		};
		01CE327F2EDA6DAE00219B49 /* Products */ = {
			isa = PBXGroup;
			children = (
				01CE327E2EDA6DAE00219B49 /* BeReal.app */,
			);
			name = Products;
			sourceTree = "<group>";
		};
/* End PBXGroup section */

/* Begin PBXNativeTarget section */
		01CE327D2EDA6DAE00219B49 /* BeReal */ = {
			isa = PBXNativeTarget;
			buildConfigurationList = 01CE32892EDA6DB000219B49 /* Build configuration list for PBXNativeTarget "BeReal" */;
			buildPhases = (
				01CE327A2EDA6DAE00219B49 /* Sources */,
				01CE327B2EDA6DAE00219B49 /* Frameworks */,
				01CE327C2EDA6DAE00219B49 /* Resources */,
			);
			buildRules = (
			);
			dependencies = (
			);
			fileSystemSynchronizedGroups = (
				01CE32802EDA6DAE00219B49 /* BeReal */,
			);
			name = BeReal;
			packageProductDependencies = (
				011F30972EDF79F6000DF2A8 /* CountryPicker */,
				01B4498C2EE0AD5D00A6887A /* FirebaseAuth */,
				01B4498E2EE0AD5D00A6887A /* FirebaseDatabase */,
				01B449902EE0AD5D00A6887A /* FirebaseFirestore */,
				01B449922EE0AD5D00A6887A /* FirebaseFunctions */,
				01B449942EE0AD5D00A6887A /* FirebaseStorage */,
				01B449962EE0AD5D00A6887A /* FirebaseStorageCombine-Community */,
				01B449982EE0B4CA00A6887A /* FirebaseCore */,
			);
			productName = BeReal;
			productReference = 01CE327E2EDA6DAE00219B49 /* BeReal.app */;
			productType = "com.apple.product-type.application";
		};
/* End PBXNativeTarget section */

/* Begin PBXProject section */
		01CE32762EDA6DAE00219B49 /* Project object */ = {
			isa = PBXProject;
			attributes = {
				BuildIndependentTargetsInParallel = 1;
				LastSwiftUpdateCheck = 1630;
				LastUpgradeCheck = 1630;
				TargetAttributes = {
					01CE327D2EDA6DAE00219B49 = {
						CreatedOnToolsVersion = 16.3;
					};
				};
			};
			buildConfigurationList = 01CE32792EDA6DAE00219B49 /* Build configuration list for PBXProject "BeReal" */;
			developmentRegion = en;
			hasScannedForEncodings = 0;
			knownRegions = (
				en,
				Base,
			);
			mainGroup = 01CE32752EDA6DAE00219B49;
			minimizedProjectReferenceProxies = 1;
			packageReferences = (
				011F30962EDF79F6000DF2A8 /* XCRemoteSwiftPackageReference "CountryPicker" */,
				01B4498B2EE0AD5D00A6887A /* XCRemoteSwiftPackageReference "firebase-ios-sdk" */,
			);
			preferredProjectObjectVersion = 77;
			productRefGroup = 01CE327F2EDA6DAE00219B49 /* Products */;
			projectDirPath = "";
			projectRoot = "";
			targets = (
				01CE327D2EDA6DAE00219B49 /* BeReal */,
			);
		};
/* End PBXProject section */

/* Begin PBXResourcesBuildPhase section */
		01CE327C2EDA6DAE00219B49 /* Resources */ = {
			isa = PBXResourcesBuildPhase;
			buildActionMask = 2147483647;
			files = (
			);
			runOnlyForDeploymentPostprocessing = 0;
		};
/* End PBXResourcesBuildPhase section */

/* Begin PBXSourcesBuildPhase section */
		01CE327A2EDA6DAE00219B49 /* Sources */ = {
			isa = PBXSourcesBuildPhase;
			buildActionMask = 2147483647;
			files = (
			);
			runOnlyForDeploymentPostprocessing = 0;
		};
/* End PBXSourcesBuildPhase section */

/* Begin XCBuildConfiguration section */
		01CE32872EDA6DB000219B49 /* Debug */ = {
			isa = XCBuildConfiguration;
			buildSettings = {
				ALWAYS_SEARCH_USER_PATHS = NO;
				ASSETCATALOG_COMPILER_GENERATE_SWIFT_ASSET_SYMBOL_EXTENSIONS = YES;
				CLANG_ANALYZER_NONNULL = YES;
				CLANG_ANALYZER_NUMBER_OBJECT_CONVERSION = YES_AGGRESSIVE;
				CLANG_CXX_LANGUAGE_STANDARD = "gnu++20";
				CLANG_ENABLE_MODULES = YES;
				CLANG_ENABLE_OBJC_ARC = YES;
				CLANG_ENABLE_OBJC_WEAK = YES;
				CLANG_WARN_BLOCK_CAPTURE_AUTORELEASING = YES;
				CLANG_WARN_BOOL_CONVERSION = YES;
				CLANG_WARN_COMMA = YES;
				CLANG_WARN_CONSTANT_CONVERSION = YES;
				CLANG_WARN_DEPRECATED_OBJC_IMPLEMENTATIONS = YES;
				CLANG_WARN_DIRECT_OBJC_ISA_USAGE = YES_ERROR;
				CLANG_WARN_DOCUMENTATION_COMMENTS = YES;
				CLANG_WARN_EMPTY_BODY = YES;
				CLANG_WARN_ENUM_CONVERSION = YES;
				CLANG_WARN_INFINITE_RECURSION = YES;
				CLANG_WARN_INT_CONVERSION = YES;
				CLANG_WARN_NON_LITERAL_NULL_CONVERSION = YES;
				CLANG_WARN_OBJC_IMPLICIT_RETAIN_SELF = YES;
				CLANG_WARN_OBJC_LITERAL_CONVERSION = YES;
				CLANG_WARN_OBJC_ROOT_CLASS = YES_ERROR;
				CLANG_WARN_QUOTED_INCLUDE_IN_FRAMEWORK_HEADER = YES;
				CLANG_WARN_RANGE_LOOP_ANALYSIS = YES;
				CLANG_WARN_STRICT_PROTOTYPES = YES;
				CLANG_WARN_SUSPICIOUS_MOVE = YES;
				CLANG_WARN_UNGUARDED_AVAILABILITY = YES_AGGRESSIVE;
				CLANG_WARN_UNREACHABLE_CODE = YES;
				CLANG_WARN__DUPLICATE_METHOD_MATCH = YES;
				COPY_PHASE_STRIP = NO;
				DEBUG_INFORMATION_FORMAT = dwarf;
				DEVELOPMENT_TEAM = PS2DYKK3TY;
				ENABLE_STRICT_OBJC_MSGSEND = YES;
				ENABLE_TESTABILITY = YES;
				ENABLE_USER_SCRIPT_SANDBOXING = YES;
				GCC_C_LANGUAGE_STANDARD = gnu17;
				GCC_DYNAMIC_NO_PIC = NO;
				GCC_NO_COMMON_BLOCKS = YES;
				GCC_OPTIMIZATION_LEVEL = 0;
				GCC_PREPROCESSOR_DEFINITIONS = (
					"DEBUG=1",
					"$(inherited)",
				);
				GCC_WARN_64_TO_32_BIT_CONVERSION = YES;
				GCC_WARN_ABOUT_RETURN_TYPE = YES_ERROR;
				GCC_WARN_UNDECLARED_SELECTOR = YES;
				GCC_WARN_UNINITIALIZED_AUTOS = YES_AGGRESSIVE;
				GCC_WARN_UNUSED_FUNCTION = YES;
				GCC_WARN_UNUSED_VARIABLE = YES;
				IPHONEOS_DEPLOYMENT_TARGET = 18.4;
				LOCALIZATION_PREFERS_STRING_CATALOGS = YES;
				MTL_ENABLE_DEBUG_INFO = INCLUDE_SOURCE;
				MTL_FAST_MATH = YES;
				ONLY_ACTIVE_ARCH = YES;
				SDKROOT = iphoneos;
				SWIFT_ACTIVE_COMPILATION_CONDITIONS = "DEBUG $(inherited)";
				SWIFT_OPTIMIZATION_LEVEL = "-Onone";
			};
			name = Debug;
		};
		01CE32882EDA6DB000219B49 /* Release */ = {
			isa = XCBuildConfiguration;
			buildSettings = {
				ALWAYS_SEARCH_USER_PATHS = NO;
				ASSETCATALOG_COMPILER_GENERATE_SWIFT_ASSET_SYMBOL_EXTENSIONS = YES;
				CLANG_ANALYZER_NONNULL = YES;
				CLANG_ANALYZER_NUMBER_OBJECT_CONVERSION = YES_AGGRESSIVE;
				CLANG_CXX_LANGUAGE_STANDARD = "gnu++20";
				CLANG_ENABLE_MODULES = YES;
				CLANG_ENABLE_OBJC_ARC = YES;
				CLANG_ENABLE_OBJC_WEAK = YES;
				CLANG_WARN_BLOCK_CAPTURE_AUTORELEASING = YES;
				CLANG_WARN_BOOL_CONVERSION = YES;
				CLANG_WARN_COMMA = YES;
				CLANG_WARN_CONSTANT_CONVERSION = YES;
				CLANG_WARN_DEPRECATED_OBJC_IMPLEMENTATIONS = YES;
				CLANG_WARN_DIRECT_OBJC_ISA_USAGE = YES_ERROR;
				CLANG_WARN_DOCUMENTATION_COMMENTS = YES;
				CLANG_WARN_EMPTY_BODY = YES;
				CLANG_WARN_ENUM_CONVERSION = YES;
				CLANG_WARN_INFINITE_RECURSION = YES;
				CLANG_WARN_INT_CONVERSION = YES;
				CLANG_WARN_NON_LITERAL_NULL_CONVERSION = YES;
				CLANG_WARN_OBJC_IMPLICIT_RETAIN_SELF = YES;
				CLANG_WARN_OBJC_LITERAL_CONVERSION = YES;
				CLANG_WARN_OBJC_ROOT_CLASS = YES_ERROR;
				CLANG_WARN_QUOTED_INCLUDE_IN_FRAMEWORK_HEADER = YES;
				CLANG_WARN_RANGE_LOOP_ANALYSIS = YES;
				CLANG_WARN_STRICT_PROTOTYPES = YES;
				CLANG_WARN_SUSPICIOUS_MOVE = YES;
				CLANG_WARN_UNGUARDED_AVAILABILITY = YES_AGGRESSIVE;
				CLANG_WARN_UNREACHABLE_CODE = YES;
				CLANG_WARN__DUPLICATE_METHOD_MATCH = YES;
				COPY_PHASE_STRIP = NO;
				DEBUG_INFORMATION_FORMAT = "dwarf-with-dsym";
				DEVELOPMENT_TEAM = PS2DYKK3TY;
				ENABLE_NS_ASSERTIONS = NO;
				ENABLE_STRICT_OBJC_MSGSEND = YES;
				ENABLE_USER_SCRIPT_SANDBOXING = YES;
				GCC_C_LANGUAGE_STANDARD = gnu17;
				GCC_NO_COMMON_BLOCKS = YES;
				GCC_WARN_64_TO_32_BIT_CONVERSION = YES;
				GCC_WARN_ABOUT_RETURN_TYPE = YES_ERROR;
				GCC_WARN_UNDECLARED_SELECTOR = YES;
				GCC_WARN_UNINITIALIZED_AUTOS = YES_AGGRESSIVE;
				GCC_WARN_UNUSED_FUNCTION = YES;
				GCC_WARN_UNUSED_VARIABLE = YES;
				IPHONEOS_DEPLOYMENT_TARGET = 18.4;
				LOCALIZATION_PREFERS_STRING_CATALOGS = YES;
				MTL_ENABLE_DEBUG_INFO = NO;
				MTL_FAST_MATH = YES;
				SDKROOT = iphoneos;
				SWIFT_COMPILATION_MODE = wholemodule;
				VALIDATE_PRODUCT = YES;
			};
			name = Release;
		};
		01CE328A2EDA6DB000219B49 /* Debug */ = {
			isa = XCBuildConfiguration;
			buildSettings = {
				ASSETCATALOG_COMPILER_APPICON_NAME = AppIcon;
				ASSETCATALOG_COMPILER_GLOBAL_ACCENT_COLOR_NAME = AccentColor;
				CODE_SIGN_STYLE = Automatic;
				CURRENT_PROJECT_VERSION = 1;
				DEVELOPMENT_TEAM = PS2DYKK3TY;
				ENABLE_PREVIEWS = YES;
				GENERATE_INFOPLIST_FILE = YES;
				INFOPLIST_FILE = BeReal/Info.plist;
				INFOPLIST_KEY_UIApplicationSceneManifest_Generation = YES;
				INFOPLIST_KEY_UIApplicationSupportsIndirectInputEvents = YES;
				INFOPLIST_KEY_UILaunchScreen_Generation = YES;
				INFOPLIST_KEY_UISupportedInterfaceOrientations_iPad = "UIInterfaceOrientationPortrait UIInterfaceOrientationPortraitUpsideDown UIInterfaceOrientationLandscapeLeft UIInterfaceOrientationLandscapeRight";
				INFOPLIST_KEY_UISupportedInterfaceOrientations_iPhone = "UIInterfaceOrientationPortrait UIInterfaceOrientationLandscapeLeft UIInterfaceOrientationLandscapeRight";
				LD_RUNPATH_SEARCH_PATHS = (
					"$(inherited)",
					"@executable_path/Frameworks",
				);
				MARKETING_VERSION = 1.0;
				PRODUCT_BUNDLE_IDENTIFIER = alexhort.BeReal;
				PRODUCT_NAME = "$(TARGET_NAME)";
				SWIFT_EMIT_LOC_STRINGS = YES;
				SWIFT_VERSION = 5.0;
				TARGETED_DEVICE_FAMILY = "1,2";
			};
			name = Debug;
		};
		01CE328B2EDA6DB000219B49 /* Release */ = {
			isa = XCBuildConfiguration;
			buildSettings = {
				ASSETCATALOG_COMPILER_APPICON_NAME = AppIcon;
				ASSETCATALOG_COMPILER_GLOBAL_ACCENT_COLOR_NAME = AccentColor;
				CODE_SIGN_STYLE = Automatic;
				CURRENT_PROJECT_VERSION = 1;
				DEVELOPMENT_TEAM = PS2DYKK3TY;
				ENABLE_PREVIEWS = YES;
				GENERATE_INFOPLIST_FILE = YES;
				INFOPLIST_FILE = BeReal/Info.plist;
				INFOPLIST_KEY_UIApplicationSceneManifest_Generation = YES;
				INFOPLIST_KEY_UIApplicationSupportsIndirectInputEvents = YES;
				INFOPLIST_KEY_UILaunchScreen_Generation = YES;
				INFOPLIST_KEY_UISupportedInterfaceOrientations_iPad = "UIInterfaceOrientationPortrait UIInterfaceOrientationPortraitUpsideDown UIInterfaceOrientationLandscapeLeft UIInterfaceOrientationLandscapeRight";
				INFOPLIST_KEY_UISupportedInterfaceOrientations_iPhone = "UIInterfaceOrientationPortrait UIInterfaceOrientationLandscapeLeft UIInterfaceOrientationLandscapeRight";
				LD_RUNPATH_SEARCH_PATHS = (
					"$(inherited)",
					"@executable_path/Frameworks",
				);
				MARKETING_VERSION = 1.0;
				PRODUCT_BUNDLE_IDENTIFIER = alexhort.BeReal;
				PRODUCT_NAME = "$(TARGET_NAME)";
				SWIFT_EMIT_LOC_STRINGS = YES;
				SWIFT_VERSION = 5.0;
				TARGETED_DEVICE_FAMILY = "1,2";
			};
			name = Release;
		};
/* End XCBuildConfiguration section */

/* Begin XCConfigurationList section */
		01CE32792EDA6DAE00219B49 /* Build configuration list for PBXProject "BeReal" */ = {
			isa = XCConfigurationList;
			buildConfigurations = (
				01CE32872EDA6DB000219B49 /* Debug */,
				01CE32882EDA6DB000219B49 /* Release */,
			);
			defaultConfigurationIsVisible = 0;
			defaultConfigurationName = Release;
		};
		01CE32892EDA6DB000219B49 /* Build configuration list for PBXNativeTarget "BeReal" */ = {
			isa = XCConfigurationList;
			buildConfigurations = (
				01CE328A2EDA6DB000219B49 /* Debug */,
				01CE328B2EDA6DB000219B49 /* Release */,
			);
			defaultConfigurationIsVisible = 0;
			defaultConfigurationName = Release;
		};
/* End XCConfigurationList section */

/* Begin XCRemoteSwiftPackageReference section */
		011F30962EDF79F6000DF2A8 /* XCRemoteSwiftPackageReference "CountryPicker" */ = {
			isa = XCRemoteSwiftPackageReference;
			repositoryURL = "https://github.com/mobven/CountryPicker.git";
			requirement = {
				kind = upToNextMajorVersion;
				minimumVersion = 2.0.3;
			};
		};
		01B4498B2EE0AD5D00A6887A /* XCRemoteSwiftPackageReference "firebase-ios-sdk" */ = {
			isa = XCRemoteSwiftPackageReference;
			repositoryURL = "https://github.com/firebase/firebase-ios-sdk.git";
			requirement = {
				kind = upToNextMajorVersion;
				minimumVersion = 12.6.0;
			};
		};
/* End XCRemoteSwiftPackageReference section */

/* Begin XCSwiftPackageProductDependency section */
		011F30972EDF79F6000DF2A8 /* CountryPicker */ = {
			isa = XCSwiftPackageProductDependency;
			package = 011F30962EDF79F6000DF2A8 /* XCRemoteSwiftPackageReference "CountryPicker" */;
			productName = CountryPicker;
		};
		01B4498C2EE0AD5D00A6887A /* FirebaseAuth */ = {
			isa = XCSwiftPackageProductDependency;
			package = 01B4498B2EE0AD5D00A6887A /* XCRemoteSwiftPackageReference "firebase-ios-sdk" */;
			productName = FirebaseAuth;
		};
		01B4498E2EE0AD5D00A6887A /* FirebaseDatabase */ = {
			isa = XCSwiftPackageProductDependency;
			package = 01B4498B2EE0AD5D00A6887A /* XCRemoteSwiftPackageReference "firebase-ios-sdk" */;
			productName = FirebaseDatabase;
		};
		01B449902EE0AD5D00A6887A /* FirebaseFirestore */ = {
			isa = XCSwiftPackageProductDependency;
			package = 01B4498B2EE0AD5D00A6887A /* XCRemoteSwiftPackageReference "firebase-ios-sdk" */;
			productName = FirebaseFirestore;
		};
		01B449922EE0AD5D00A6887A /* FirebaseFunctions */ = {
			isa = XCSwiftPackageProductDependency;
			package = 01B4498B2EE0AD5D00A6887A /* XCRemoteSwiftPackageReference "firebase-ios-sdk" */;
			productName = FirebaseFunctions;
		};
		01B449942EE0AD5D00A6887A /* FirebaseStorage */ = {
			isa = XCSwiftPackageProductDependency;
			package = 01B4498B2EE0AD5D00A6887A /* XCRemoteSwiftPackageReference "firebase-ios-sdk" */;
			productName = FirebaseStorage;
		};
		01B449962EE0AD5D00A6887A /* FirebaseStorageCombine-Community */ = {
			isa = XCSwiftPackageProductDependency;
			package = 01B4498B2EE0AD5D00A6887A /* XCRemoteSwiftPackageReference "firebase-ios-sdk" */;
			productName = "FirebaseStorageCombine-Community";
		};
		01B449982EE0B4CA00A6887A /* FirebaseCore */ = {
			isa = XCSwiftPackageProductDependency;
			package = 01B4498B2EE0AD5D00A6887A /* XCRemoteSwiftPackageReference "firebase-ios-sdk" */;
			productName = FirebaseCore;
		};
/* End XCSwiftPackageProductDependency section */
	};
	rootObject = 01CE32762EDA6DAE00219B49 /* Project object */;
}
